
Microsoft Visual Studio Solution File, Format Version 12.00
# Visual Studio Version 17
VisualStudioVersion = 17.0.31903.59
MinimumVisualStudioVersion = 10.0.40219.1
Project("{2150E333-8FDC-42A3-9474-1A3956D46DE8}") = "src", "src", "{827E0CD3-B72D-47B6-A68D-7590B98EB39B}"
EndProject
Project("{FAE04EC0-301F-11D3-BF4B-00C04F79EFBC}") = "ExitInterviewAgent.ServiceDefaults", "src\ExitInterviewAgent.ServiceDefaults\ExitInterviewAgent.ServiceDefaults.csproj", "{FDC442A8-6A5E-4749-B236-84149082EA20}"
EndProject
Project("{FAE04EC0-301F-11D3-BF4B-00C04F79EFBC}") = "ExitInterviewAgent.Contracts", "src\ExitInterviewAgent.Contracts\ExitInterviewAgent.Contracts.csproj", "{57AFF6BA-CAA3-40BC-8A50-58DBFAC4ED02}"
EndProject
Project("{FAE04EC0-301F-11D3-BF4B-00C04F79EFBC}") = "ExitInterviewAgent.InterviewService", "src\ExitInterviewAgent.InterviewService\ExitInterviewAgent.InterviewService.csproj", "{3547D764-432E-4593-92A5-131B1B5E54C9}"
EndProject
Project("{2150E333-8FDC-42A3-9474-1A3956D46DE8}") = "tests", "tests", "{0AB3BF05-4346-4AA6-1389-037BE0695223}"
EndProject
Project("{FAE04EC0-301F-11D3-BF4B-00C04F79EFBC}") = "ExitInterviewAgent.InterviewService.Tests", "tests\ExitInterviewAgent.InterviewService.Tests\ExitInterviewAgent.InterviewService.Tests.csproj", "{4F4709D9-72AC-482F-ACDB-B941CCAB3400}"
EndProject
Project("{FAE04EC0-301F-11D3-BF4B-00C04F79EFBC}") = "ExitInterviewAgent.AppHost", "src\ExitInterviewAgent.AppHost\ExitInterviewAgent.AppHost.csproj", "{5ADCDA2F-80C9-4DC4-80FA-82758B816B41}"
EndProject
Project("{FAE04EC0-301F-11D3-BF4B-00C04F79EFBC}") = "ExitInterviewAgent.Records", "src\ExitInterviewAgent.Records\ExitInterviewAgent.Records.csproj", "{1867E3AC-570F-4A6D-88FD-AABB3B8670B8}"
EndProject
Project("{FAE04EC0-301F-11D3-BF4B-00C04F79EFBC}") = "ExitInterviewAgent.Privacy", "src\ExitInterviewAgent.Privacy\ExitInterviewAgent.Privacy.csproj", "{86B85989-455F-452C-9218-C42DD89EFB5B}"
EndProject
Project("{FAE04EC0-301F-11D3-BF4B-00C04F79EFBC}") = "ExitInterviewAgent.Records.Tests", "tests\ExitInterviewAgent.Records.Tests\ExitInterviewAgent.Records.Tests.csproj", "{F4126999-8C9E-4BFF-89B1-B2A206EE6384}"
EndProject
Project("{FAE04EC0-301F-11D3-BF4B-00C04F79EFBC}") = "ExitInterviewAgent.Privacy.Tests", "tests\ExitInterviewAgent.Privacy.Tests\ExitInterviewAgent.Privacy.Tests.csproj", "{55E679D7-9076-45B1-BE7E-D90909667021}"
EndProject
Global
	GlobalSection(SolutionConfigurationPlatforms) = preSolution
		Debug|Any CPU = Debug|Any CPU
		Debug|x64 = Debug|x64
		Debug|x86 = Debug|x86
		Release|Any CPU = Release|Any CPU
		Release|x64 = Release|x64
		Release|x86 = Release|x86
	EndGlobalSection
	GlobalSection(ProjectConfigurationPlatforms) = postSolution
		{FDC442A8-6A5E-4749-B236-84149082EA20}.Debug|Any CPU.ActiveCfg = Debug|Any CPU
		{FDC442A8-6A5E-4749-B236-84149082EA20}.Debug|Any CPU.Build.0 = Debug|Any CPU
		{FDC442A8-6A5E-4749-B236-84149082EA20}.Debug|x64.ActiveCfg = Debug|Any CPU
		{FDC442A8-6A5E-4749-B236-84149082EA20}.Debug|x64.Build.0 = Debug|Any CPU
		{FDC442A8-6A5E-4749-B236-84149082EA20}.Debug|x86.ActiveCfg = Debug|Any CPU
		{FDC442A8-6A5E-4749-B236-84149082EA20}.Debug|x86.Build.0 = Debug|Any CPU
		{FDC442A8-6A5E-4749-B236-84149082EA20}.Release|Any CPU.ActiveCfg = Release|Any CPU
		{FDC442A8-6A5E-4749-B236-84149082EA20}.Release|Any CPU.Build.0 = Release|Any CPU
		{FDC442A8-6A5E-4749-B236-84149082EA20}.Release|x64.ActiveCfg = Release|Any CPU
		{FDC442A8-6A5E-4749-B236-84149082EA20}.Release|x64.Build.0 = Release|Any CPU
		{FDC442A8-6A5E-4749-B236-84149082EA20}.Release|x86.ActiveCfg = Release|Any CPU
		{FDC442A8-6A5E-4749-B236-84149082EA20}.Release|x86.Build.0 = Release|Any CPU
		{57AFF6BA-CAA3-40BC-8A50-58DBFAC4ED02}.Debug|Any CPU.ActiveCfg = Debug|Any CPU
		{57AFF6BA-CAA3-40BC-8A50-58DBFAC4ED02}.Debug|Any CPU.Build.0 = Debug|Any CPU
		{57AFF6BA-CAA3-40BC-8A50-58DBFAC4ED02}.Debug|x64.ActiveCfg = Debug|Any CPU
		{57AFF6BA-CAA3-40BC-8A50-58DBFAC4ED02}.Debug|x64.Build.0 = Debug|Any CPU
		{57AFF6BA-CAA3-40BC-8A50-58DBFAC4ED02}.Debug|x86.ActiveCfg = Debug|Any CPU
		{57AFF6BA-CAA3-40BC-8A50-58DBFAC4ED02}.Debug|x86.Build.0 = Debug|Any CPU
		{57AFF6BA-CAA3-40BC-8A50-58DBFAC4ED02}.Release|Any CPU.ActiveCfg = Release|Any CPU
		{57AFF6BA-CAA3-40BC-8A50-58DBFAC4ED02}.Release|Any CPU.Build.0 = Release|Any CPU
		{57AFF6BA-CAA3-40BC-8A50-58DBFAC4ED02}.Release|x64.ActiveCfg = Release|Any CPU
		{57AFF6BA-CAA3-40BC-8A50-58DBFAC4ED02}.Release|x64.Build.0 = Release|Any CPU
		{57AFF6BA-CAA3-40BC-8A50-58DBFAC4ED02}.Release|x86.ActiveCfg = Release|Any CPU
		{57AFF6BA-CAA3-40BC-8A50-58DBFAC4ED02}.Release|x86.Build.0 = Release|Any CPU
		{3547D764-432E-4593-92A5-131B1B5E54C9}.Debug|Any CPU.ActiveCfg = Debug|Any CPU
		{3547D764-432E-4593-92A5-131B1B5E54C9}.Debug|Any CPU.Build.0 = Debug|Any CPU
		{3547D764-432E-4593-92A5-131B1B5E54C9}.Debug|x64.ActiveCfg = Debug|Any CPU
		{3547D764-432E-4593-92A5-131B1B5E54C9}.Debug|x64.Build.0 = Debug|Any CPU
		{3547D764-432E-4593-92A5-131B1B5E54C9}.Debug|x86.ActiveCfg = Debug|Any CPU
		{3547D764-432E-4593-92A5-131B1B5E54C9}.Debug|x86.Build.0 = Debug|Any CPU
		{3547D764-432E-4593-92A5-131B1B5E54C9}.Release|Any CPU.ActiveCfg = Release|Any CPU
		{3547D764-432E-4593-92A5-131B1B5E54C9}.Release|Any CPU.Build.0 = Release|Any CPU
		{3547D764-432E-4593-92A5-131B1B5E54C9}.Release|x64.ActiveCfg = Release|Any CPU
		{3547D764-432E-4593-92A5-131B1B5E54C9}.Release|x64.Build.0 = Release|Any CPU
		{3547D764-432E-4593-92A5-131B1B5E54C9}.Release|x86.ActiveCfg = Release|Any CPU
		{3547D764-432E-4593-92A5-131B1B5E54C9}.Release|x86.Build.0 = Release|Any CPU
		{4F4709D9-72AC-482F-ACDB-B941CCAB3400}.Debug|Any CPU.ActiveCfg = Debug|Any CPU
		{4F4709D9-72AC-482F-ACDB-B941CCAB3400}.Debug|Any CPU.Build.0 = Debug|Any CPU
		{4F4709D9-72AC-482F-ACDB-B941CCAB3400}.Debug|x64.ActiveCfg = Debug|Any CPU
		{4F4709D9-72AC-482F-ACDB-B941CCAB3400}.Debug|x64.Build.0 = Debug|Any CPU
		{4F4709D9-72AC-482F-ACDB-B941CCAB3400}.Debug|x86.ActiveCfg = Debug|Any CPU
		{4F4709D9-72AC-482F-ACDB-B941CCAB3400}.Debug|x86.Build.0 = Debug|Any CPU
		{4F4709D9-72AC-482F-ACDB-B941CCAB3400}.Release|Any CPU.ActiveCfg = Release|Any CPU
		{4F4709D9-72AC-482F-ACDB-B941CCAB3400}.Release|Any CPU.Build.0 = Release|Any CPU
		{4F4709D9-72AC-482F-ACDB-B941CCAB3400}.Release|x64.ActiveCfg = Release|Any CPU
		{4F4709D9-72AC-482F-ACDB-B941CCAB3400}.Release|x64.Build.0 = Release|Any CPU
		{4F4709D9-72AC-482F-ACDB-B941CCAB3400}.Release|x86.ActiveCfg = Release|Any CPU
		{4F4709D9-72AC-482F-ACDB-B941CCAB3400}.Release|x86.Build.0 = Release|Any CPU
		{5ADCDA2F-80C9-4DC4-80FA-82758B816B41}.Debug|Any CPU.ActiveCfg = Debug|Any CPU
		{5ADCDA2F-80C9-4DC4-80FA-82758B816B41}.Debug|Any CPU.Build.0 = Debug|Any CPU
		{5ADCDA2F-80C9-4DC4-80FA-82758B816B41}.Debug|x64.ActiveCfg = Debug|Any CPU
		{5ADCDA2F-80C9-4DC4-80FA-82758B816B41}.Debug|x64.Build.0 = Debug|Any CPU
		{5ADCDA2F-80C9-4DC4-80FA-82758B816B41}.Debug|x86.ActiveCfg = Debug|Any CPU
		{5ADCDA2F-80C9-4DC4-80FA-82758B816B41}.Debug|x86.Build.0 = Debug|Any CPU
		{5ADCDA2F-80C9-4DC4-80FA-82758B816B41}.Release|Any CPU.ActiveCfg = Release|Any CPU
		{5ADCDA2F-80C9-4DC4-80FA-82758B816B41}.Release|Any CPU.Build.0 = Release|Any CPU
		{5ADCDA2F-80C9-4DC4-80FA-82758B816B41}.Release|x64.ActiveCfg = Release|Any CPU
		{5ADCDA2F-80C9-4DC4-80FA-82758B816B41}.Release|x64.Build.0 = Release|Any CPU
		{5ADCDA2F-80C9-4DC4-80FA-82758B816B41}.Release|x86.ActiveCfg = Release|Any CPU
		{5ADCDA2F-80C9-4DC4-80FA-82758B816B41}.Release|x86.Build.0 = Release|Any CPU
		{1867E3AC-570F-4A6D-88FD-AABB3B8670B8}.Debug|Any CPU.ActiveCfg = Debug|Any CPU
		{1867E3AC-570F-4A6D-88FD-AABB3B8670B8}.Debug|Any CPU.Build.0 = Debug|Any CPU
		{1867E3AC-570F-4A6D-88FD-AABB3B8670B8}.Debug|x64.ActiveCfg = Debug|Any CPU
		{1867E3AC-570F-4A6D-88FD-AABB3B8670B8}.Debug|x64.Build.0 = Debug|Any CPU
		{1867E3AC-570F-4A6D-88FD-AABB3B8670B8}.Debug|x86.ActiveCfg = Debug|Any CPU
		{1867E3AC-570F-4A6D-88FD-AABB3B8670B8}.Debug|x86.Build.0 = Debug|Any CPU
		{1867E3AC-570F-4A6D-88FD-AABB3B8670B8}.Release|Any CPU.ActiveCfg = Release|Any CPU
		{1867E3AC-570F-4A6D-88FD-AABB3B8670B8}.Release|Any CPU.Build.0 = Release|Any CPU
		{1867E3AC-570F-4A6D-88FD-AABB3B8670B8}.Release|x64.ActiveCfg = Release|Any CPU
		{1867E3AC-570F-4A6D-88FD-AABB3B8670B8}.Release|x64.Build.0 = Release|Any CPU
		{1867E3AC-570F-4A6D-88FD-AABB3B8670B8}.Release|x86.ActiveCfg = Release|Any CPU
		{1867E3AC-570F-4A6D-88FD-AABB3B8670B8}.Release|x86.Build.0 = Release|Any CPU
		{86B85989-455F-452C-9218-C42DD89EFB5B}.Debug|Any CPU.ActiveCfg = Debug|Any CPU
		{86B85989-455F-452C-9218-C42DD89EFB5B}.Debug|Any CPU.Build.0 = Debug|Any CPU
		{86B85989-455F-452C-9218-C42DD89EFB5B}.Debug|x64.ActiveCfg = Debug|Any CPU
		{86B85989-455F-452C-9218-C42DD89EFB5B}.Debug|x64.Build.0 = Debug|Any CPU
		{86B85989-455F-452C-9218-C42DD89EFB5B}.Debug|x86.ActiveCfg = Debug|Any CPU
		{86B85989-455F-452C-9218-C42DD89EFB5B}.Debug|x86.Build.0 = Debug|Any CPU
		{86B85989-455F-452C-9218-C42DD89EFB5B}.Release|Any CPU.ActiveCfg = Release|Any CPU
		{86B85989-455F-452C-9218-C42DD89EFB5B}.Release|Any CPU.Build.0 = Release|Any CPU
		{86B85989-455F-452C-9218-C42DD89EFB5B}.Release|x64.ActiveCfg = Release|Any CPU
		{86B85989-455F-452C-9218-C42DD89EFB5B}.Release|x64.Build.0 = Release|Any CPU
		{86B85989-455F-452C-9218-C42DD89EFB5B}.Release|x86.ActiveCfg = Release|Any CPU
		{86B85989-455F-452C-9218-C42DD89EFB5B}.Release|x86.Build.0 = Release|Any CPU
		{F4126999-8C9E-4BFF-89B1-B2A206EE6384}.Debug|Any CPU.ActiveCfg = Debug|Any CPU
		{F4126999-8C9E-4BFF-89B1-B2A206EE6384}.Debug|Any CPU.Build.0 = Debug|Any CPU
		{F4126999-8C9E-4BFF-89B1-B2A206EE6384}.Debug|x64.ActiveCfg = Debug|Any CPU
		{F4126999-8C9E-4BFF-89B1-B2A206EE6384}.Debug|x64.Build.0 = Debug|Any CPU
		{F4126999-8C9E-4BFF-89B1-B2A206EE6384}.Debug|x86.ActiveCfg = Debug|Any CPU
		{F4126999-8C9E-4BFF-89B1-B2A206EE6384}.Debug|x86.Build.0 = Debug|Any CPU
		{F4126999-8C9E-4BFF-89B1-B2A206EE6384}.Release|Any CPU.ActiveCfg = Release|Any CPU
		{F4126999-8C9E-4BFF-89B1-B2A206EE6384}.Release|Any CPU.Build.0 = Release|Any CPU
		{F4126999-8C9E-4BFF-89B1-B2A206EE6384}.Release|x64.ActiveCfg = Release|Any CPU
		{F4126999-8C9E-4BFF-89B1-B2A206EE6384}.Release|x64.Build.0 = Release|Any CPU
		{F4126999-8C9E-4BFF-89B1-B2A206EE6384}.Release|x86.ActiveCfg = Release|Any CPU
		{F4126999-8C9E-4BFF-89B1-B2A206EE6384}.Release|x86.Build.0 = Release|Any CPU
		{55E679D7-9076-45B1-BE7E-D90909667021}.Debug|Any CPU.ActiveCfg = Debug|Any CPU
		{55E679D7-9076-45B1-BE7E-D90909667021}.Debug|Any CPU.Build.0 = Debug|Any CPU
		{55E679D7-9076-45B1-BE7E-D90909667021}.Debug|x64.ActiveCfg = Debug|Any CPU
		{55E679D7-9076-45B1-BE7E-D90909667021}.Debug|x64.Build.0 = Debug|Any CPU
		{55E679D7-9076-45B1-BE7E-D90909667021}.Debug|x86.ActiveCfg = Debug|Any CPU
		{55E679D7-9076-45B1-BE7E-D90909667021}.Debug|x86.Build.0 = Debug|Any CPU
		{55E679D7-9076-45B1-BE7E-D90909667021}.Release|Any CPU.ActiveCfg = Release|Any CPU
		{55E679D7-9076-45B1-BE7E-D90909667021}.Release|Any CPU.Build.0 = Release|Any CPU
		{55E679D7-9076-45B1-BE7E-D90909667021}.Release|x64.ActiveCfg = Release|Any CPU
		{55E679D7-9076-45B1-BE7E-D90909667021}.Release|x64.Build.0 = Release|Any CPU
		{55E679D7-9076-45B1-BE7E-D90909667021}.Release|x86.ActiveCfg = Release|Any CPU
		{55E679D7-9076-45B1-BE7E-D90909667021}.Release|x86.Build.0 = Release|Any CPU
	EndGlobalSection
	GlobalSection(SolutionProperties) = preSolution
		HideSolutionNode = FALSE
	EndGlobalSection
	GlobalSection(NestedProjects) = preSolution
		{FDC442A8-6A5E-4749-B236-84149082EA20} = {827E0CD3-B72D-47B6-A68D-7590B98EB39B}
		{57AFF6BA-CAA3-40BC-8A50-58DBFAC4ED02} = {827E0CD3-B72D-47B6-A68D-7590B98EB39B}
		{3547D764-432E-4593-92A5-131B1B5E54C9} = {827E0CD3-B72D-47B6-A68D-7590B98EB39B}
		{4F4709D9-72AC-482F-ACDB-B941CCAB3400} = {0AB3BF05-4346-4AA6-1389-037BE0695223}
		{5ADCDA2F-80C9-4DC4-80FA-82758B816B41} = {827E0CD3-B72D-47B6-A68D-7590B98EB39B}
		{1867E3AC-570F-4A6D-88FD-AABB3B8670B8} = {827E0CD3-B72D-47B6-A68D-7590B98EB39B}
		{86B85989-455F-452C-9218-C42DD89EFB5B} = {827E0CD3-B72D-47B6-A68D-7590B98EB39B}
		{F4126999-8C9E-4BFF-89B1-B2A206EE6384} = {0AB3BF05-4346-4AA6-1389-037BE0695223}
		{55E679D7-9076-45B1-BE7E-D90909667021} = {0AB3BF05-4346-4AA6-1389-037BE0695223}
	EndGlobalSection
EndGlobal
